// !$*UTF8*$!
{
	archiveVersion = 1;
	classes = {
	};
	objectVersion = 46;
	objects = {

/* Begin PBXBuildFile section */
		9600A0961E7FEA1B0043A9F3 /* AppDelegate.swift in Sources */ = {isa = PBXBuildFile; fileRef = 9600A0951E7FEA1B0043A9F3 /* AppDelegate.swift */; };
		9600A0981E7FEA1B0043A9F3 /* ViewController.swift in Sources */ = {isa = PBXBuildFile; fileRef = 9600A0971E7FEA1B0043A9F3 /* ViewController.swift */; };
		9600A09B1E7FEA1B0043A9F3 /* Main.storyboard in Resources */ = {isa = PBXBuildFile; fileRef = 9600A0991E7FEA1B0043A9F3 /* Main.storyboard */; };
		9600A09D1E7FEA1B0043A9F3 /* Assets.xcassets in Resources */ = {isa = PBXBuildFile; fileRef = 9600A09C1E7FEA1B0043A9F3 /* Assets.xcassets */; };
		9600A0A01E7FEA1B0043A9F3 /* LaunchScreen.storyboard in Resources */ = {isa = PBXBuildFile; fileRef = 9600A09E1E7FEA1B0043A9F3 /* LaunchScreen.storyboard */; };
		9600A0BC1E7FF1930043A9F3 /* NewsService.swift in Sources */ = {isa = PBXBuildFile; fileRef = 9600A0BB1E7FF1930043A9F3 /* NewsService.swift */; };
		9600A0BF1E7FF1AF0043A9F3 /* NewsTarget.swift in Sources */ = {isa = PBXBuildFile; fileRef = 9600A0BE1E7FF1AF0043A9F3 /* NewsTarget.swift */; };
		9600A0C31E7FF8F30043A9F3 /* NewsItem.swift in Sources */ = {isa = PBXBuildFile; fileRef = 9600A0C21E7FF8F30043A9F3 /* NewsItem.swift */; };
		9600A0C51E7FF9B00043A9F3 /* BasicService.swift in Sources */ = {isa = PBXBuildFile; fileRef = 9600A0C41E7FF9B00043A9F3 /* BasicService.swift */; };
		9600A0C71E8038500043A9F3 /* AppConstants.swift in Sources */ = {isa = PBXBuildFile; fileRef = 9600A0C61E8038500043A9F3 /* AppConstants.swift */; };
		9600A0C91E8038E60043A9F3 /* MoyaResponseWrapper.swift in Sources */ = {isa = PBXBuildFile; fileRef = 9600A0C81E8038E60043A9F3 /* MoyaResponseWrapper.swift */; };
		9600A0CB1E803A350043A9F3 /* Error.swift in Sources */ = {isa = PBXBuildFile; fileRef = 9600A0CA1E803A350043A9F3 /* Error.swift */; };
		9600A0CF1E803AE60043A9F3 /* ResponseMappingTests.swift in Sources */ = {isa = PBXBuildFile; fileRef = 9600A0CE1E803AE60043A9F3 /* ResponseMappingTests.swift */; };
		9600A0D11E803D0D0043A9F3 /* ObservableType+Response mapping.swift in Sources */ = {isa = PBXBuildFile; fileRef = 9600A0D01E803D0D0043A9F3 /* ObservableType+Response mapping.swift */; };
		9600A0D41E803EB80043A9F3 /* NewsResponse.swift in Sources */ = {isa = PBXBuildFile; fileRef = 9600A0D31E803EB80043A9F3 /* NewsResponse.swift */; };
		9600A0D71E8065CD0043A9F3 /* IntFromStringTransform.swift in Sources */ = {isa = PBXBuildFile; fileRef = 9600A0D61E8065CD0043A9F3 /* IntFromStringTransform.swift */; };
		9600A0D91E8065E90043A9F3 /* DateFromIntTransform.swift in Sources */ = {isa = PBXBuildFile; fileRef = 9600A0D81E8065E90043A9F3 /* DateFromIntTransform.swift */; };
		9600A0DB1E8067010043A9F3 /* news.json in Resources */ = {isa = PBXBuildFile; fileRef = 9600A0DA1E8067010043A9F3 /* news.json */; };
		96B0B5E01E8141C600FAD2B9 /* error.json in Resources */ = {isa = PBXBuildFile; fileRef = 96B0B5DF1E8141C600FAD2B9 /* error.json */; };
		96B0B5E31E81481C00FAD2B9 /* NewsServiceTests.swift in Sources */ = {isa = PBXBuildFile; fileRef = 96B0B5E21E81481C00FAD2B9 /* NewsServiceTests.swift */; };
		AAA10986FCAF37E797E9A368 /* Pods_TinkoffTests.framework in Frameworks */ = {isa = PBXBuildFile; fileRef = FBBD12920C756A0BEBF644E5 /* Pods_TinkoffTests.framework */; };
		F7382EFDDFF5EFFFAF0ED8CA /* Pods_Tinkoff.framework in Frameworks */ = {isa = PBXBuildFile; fileRef = E873DA322CF2E63A9C09245C /* Pods_Tinkoff.framework */; };
/* End PBXBuildFile section */

/* Begin PBXContainerItemProxy section */
		9600A0A71E7FEA1B0043A9F3 /* PBXContainerItemProxy */ = {
			isa = PBXContainerItemProxy;
			containerPortal = 9600A08A1E7FEA1B0043A9F3 /* Project object */;
			proxyType = 1;
			remoteGlobalIDString = 9600A0911E7FEA1B0043A9F3;
			remoteInfo = Tinkoff;
		};
/* End PBXContainerItemProxy section */

/* Begin PBXFileReference section */
		705E705F12E570A036592209 /* Pods-Tinkoff.debug.xcconfig */ = {isa = PBXFileReference; includeInIndex = 1; lastKnownFileType = text.xcconfig; name = "Pods-Tinkoff.debug.xcconfig"; path = "Pods/Target Support Files/Pods-Tinkoff/Pods-Tinkoff.debug.xcconfig"; sourceTree = "<group>"; };
		823005265D19B4570D1D1CA6 /* Pods-TinkoffTests.debug.xcconfig */ = {isa = PBXFileReference; includeInIndex = 1; lastKnownFileType = text.xcconfig; name = "Pods-TinkoffTests.debug.xcconfig"; path = "Pods/Target Support Files/Pods-TinkoffTests/Pods-TinkoffTests.debug.xcconfig"; sourceTree = "<group>"; };
		9600A0921E7FEA1B0043A9F3 /* Tinkoff.app */ = {isa = PBXFileReference; explicitFileType = wrapper.application; includeInIndex = 0; path = Tinkoff.app; sourceTree = BUILT_PRODUCTS_DIR; };
		9600A0951E7FEA1B0043A9F3 /* AppDelegate.swift */ = {isa = PBXFileReference; lastKnownFileType = sourcecode.swift; path = AppDelegate.swift; sourceTree = "<group>"; };
		9600A0971E7FEA1B0043A9F3 /* ViewController.swift */ = {isa = PBXFileReference; lastKnownFileType = sourcecode.swift; path = ViewController.swift; sourceTree = "<group>"; };
		9600A09A1E7FEA1B0043A9F3 /* Base */ = {isa = PBXFileReference; lastKnownFileType = file.storyboard; name = Base; path = Base.lproj/Main.storyboard; sourceTree = "<group>"; };
		9600A09C1E7FEA1B0043A9F3 /* Assets.xcassets */ = {isa = PBXFileReference; lastKnownFileType = folder.assetcatalog; path = Assets.xcassets; sourceTree = "<group>"; };
		9600A09F1E7FEA1B0043A9F3 /* Base */ = {isa = PBXFileReference; lastKnownFileType = file.storyboard; name = Base; path = Base.lproj/LaunchScreen.storyboard; sourceTree = "<group>"; };
		9600A0A11E7FEA1B0043A9F3 /* Info.plist */ = {isa = PBXFileReference; lastKnownFileType = text.plist.xml; path = Info.plist; sourceTree = "<group>"; };
		9600A0A61E7FEA1B0043A9F3 /* TinkoffTests.xctest */ = {isa = PBXFileReference; explicitFileType = wrapper.cfbundle; includeInIndex = 0; path = TinkoffTests.xctest; sourceTree = BUILT_PRODUCTS_DIR; };
		9600A0AC1E7FEA1B0043A9F3 /* Info.plist */ = {isa = PBXFileReference; lastKnownFileType = text.plist.xml; path = Info.plist; sourceTree = "<group>"; };
		9600A0BB1E7FF1930043A9F3 /* NewsService.swift */ = {isa = PBXFileReference; fileEncoding = 4; lastKnownFileType = sourcecode.swift; path = NewsService.swift; sourceTree = "<group>"; };
		9600A0BE1E7FF1AF0043A9F3 /* NewsTarget.swift */ = {isa = PBXFileReference; fileEncoding = 4; lastKnownFileType = sourcecode.swift; path = NewsTarget.swift; sourceTree = "<group>"; };
		9600A0C21E7FF8F30043A9F3 /* NewsItem.swift */ = {isa = PBXFileReference; fileEncoding = 4; lastKnownFileType = sourcecode.swift; path = NewsItem.swift; sourceTree = "<group>"; };
		9600A0C41E7FF9B00043A9F3 /* BasicService.swift */ = {isa = PBXFileReference; fileEncoding = 4; lastKnownFileType = sourcecode.swift; path = BasicService.swift; sourceTree = "<group>"; };
		9600A0C61E8038500043A9F3 /* AppConstants.swift */ = {isa = PBXFileReference; fileEncoding = 4; lastKnownFileType = sourcecode.swift; path = AppConstants.swift; sourceTree = "<group>"; };
		9600A0C81E8038E60043A9F3 /* MoyaResponseWrapper.swift */ = {isa = PBXFileReference; fileEncoding = 4; lastKnownFileType = sourcecode.swift; path = MoyaResponseWrapper.swift; sourceTree = "<group>"; };
		9600A0CA1E803A350043A9F3 /* Error.swift */ = {isa = PBXFileReference; fileEncoding = 4; lastKnownFileType = sourcecode.swift; path = Error.swift; sourceTree = "<group>"; };
		9600A0CE1E803AE60043A9F3 /* ResponseMappingTests.swift */ = {isa = PBXFileReference; fileEncoding = 4; lastKnownFileType = sourcecode.swift; path = ResponseMappingTests.swift; sourceTree = "<group>"; };
		9600A0D01E803D0D0043A9F3 /* ObservableType+Response mapping.swift */ = {isa = PBXFileReference; fileEncoding = 4; lastKnownFileType = sourcecode.swift; path = "ObservableType+Response mapping.swift"; sourceTree = "<group>"; };
		9600A0D31E803EB80043A9F3 /* NewsResponse.swift */ = {isa = PBXFileReference; fileEncoding = 4; lastKnownFileType = sourcecode.swift; path = NewsResponse.swift; sourceTree = "<group>"; };
		9600A0D61E8065CD0043A9F3 /* IntFromStringTransform.swift */ = {isa = PBXFileReference; fileEncoding = 4; lastKnownFileType = sourcecode.swift; path = IntFromStringTransform.swift; sourceTree = "<group>"; };
		9600A0D81E8065E90043A9F3 /* DateFromIntTransform.swift */ = {isa = PBXFileReference; fileEncoding = 4; lastKnownFileType = sourcecode.swift; path = DateFromIntTransform.swift; sourceTree = "<group>"; };
		9600A0DA1E8067010043A9F3 /* news.json */ = {isa = PBXFileReference; fileEncoding = 4; lastKnownFileType = text.json; name = news.json; path = TinkoffTests/news.json; sourceTree = SOURCE_ROOT; };
		96B0B5DF1E8141C600FAD2B9 /* error.json */ = {isa = PBXFileReference; fileEncoding = 4; lastKnownFileType = text.json; path = error.json; sourceTree = "<group>"; };
		96B0B5E21E81481C00FAD2B9 /* NewsServiceTests.swift */ = {isa = PBXFileReference; fileEncoding = 4; lastKnownFileType = sourcecode.swift; path = NewsServiceTests.swift; sourceTree = "<group>"; };
		9C8F16938A1F2787284CE3C2 /* Pods-TinkoffTests.release.xcconfig */ = {isa = PBXFileReference; includeInIndex = 1; lastKnownFileType = text.xcconfig; name = "Pods-TinkoffTests.release.xcconfig"; path = "Pods/Target Support Files/Pods-TinkoffTests/Pods-TinkoffTests.release.xcconfig"; sourceTree = "<group>"; };
		CF942AC45EBACA04EE71B044 /* Pods-Tinkoff.release.xcconfig */ = {isa = PBXFileReference; includeInIndex = 1; lastKnownFileType = text.xcconfig; name = "Pods-Tinkoff.release.xcconfig"; path = "Pods/Target Support Files/Pods-Tinkoff/Pods-Tinkoff.release.xcconfig"; sourceTree = "<group>"; };
		E873DA322CF2E63A9C09245C /* Pods_Tinkoff.framework */ = {isa = PBXFileReference; explicitFileType = wrapper.framework; includeInIndex = 0; path = Pods_Tinkoff.framework; sourceTree = BUILT_PRODUCTS_DIR; };
		FBBD12920C756A0BEBF644E5 /* Pods_TinkoffTests.framework */ = {isa = PBXFileReference; explicitFileType = wrapper.framework; includeInIndex = 0; path = Pods_TinkoffTests.framework; sourceTree = BUILT_PRODUCTS_DIR; };
/* End PBXFileReference section */

/* Begin PBXFrameworksBuildPhase section */
		9600A08F1E7FEA1B0043A9F3 /* Frameworks */ = {
			isa = PBXFrameworksBuildPhase;
			buildActionMask = 2147483647;
			files = (
				F7382EFDDFF5EFFFAF0ED8CA /* Pods_Tinkoff.framework in Frameworks */,
			);
			runOnlyForDeploymentPostprocessing = 0;
		};
		9600A0A31E7FEA1B0043A9F3 /* Frameworks */ = {
			isa = PBXFrameworksBuildPhase;
			buildActionMask = 2147483647;
			files = (
				AAA10986FCAF37E797E9A368 /* Pods_TinkoffTests.framework in Frameworks */,
			);
			runOnlyForDeploymentPostprocessing = 0;
		};
/* End PBXFrameworksBuildPhase section */

/* Begin PBXGroup section */
		2DD80603CC4CFBFDF1171F9D /* Pods */ = {
			isa = PBXGroup;
			children = (
				705E705F12E570A036592209 /* Pods-Tinkoff.debug.xcconfig */,
				CF942AC45EBACA04EE71B044 /* Pods-Tinkoff.release.xcconfig */,
				823005265D19B4570D1D1CA6 /* Pods-TinkoffTests.debug.xcconfig */,
				9C8F16938A1F2787284CE3C2 /* Pods-TinkoffTests.release.xcconfig */,
			);
			name = Pods;
			sourceTree = "<group>";
		};
		9600A0891E7FEA1B0043A9F3 = {
			isa = PBXGroup;
			children = (
				9600A0941E7FEA1B0043A9F3 /* Tinkoff */,
				9600A0A91E7FEA1B0043A9F3 /* TinkoffTests */,
				9600A0931E7FEA1B0043A9F3 /* Products */,
				2DD80603CC4CFBFDF1171F9D /* Pods */,
				B07F1FD8D88CB697EF57C215 /* Frameworks */,
			);
			sourceTree = "<group>";
		};
		9600A0931E7FEA1B0043A9F3 /* Products */ = {
			isa = PBXGroup;
			children = (
				9600A0921E7FEA1B0043A9F3 /* Tinkoff.app */,
				9600A0A61E7FEA1B0043A9F3 /* TinkoffTests.xctest */,
			);
			name = Products;
			sourceTree = "<group>";
		};
		9600A0941E7FEA1B0043A9F3 /* Tinkoff */ = {
			isa = PBXGroup;
			children = (
				9600A0B51E7FEAC90043A9F3 /* Classes */,
				9600A0B61E7FEAD00043A9F3 /* Supporting files */,
			);
			path = Tinkoff;
			sourceTree = "<group>";
		};
		9600A0A91E7FEA1B0043A9F3 /* TinkoffTests */ = {
			isa = PBXGroup;
			children = (
				9600A0AC1E7FEA1B0043A9F3 /* Info.plist */,
				96B0B5E11E8147EF00FAD2B9 /* Service tests */,
				96B0B5DE1E81419700FAD2B9 /* Response mapping tests */,
			);
			path = TinkoffTests;
			sourceTree = "<group>";
		};
		9600A0B51E7FEAC90043A9F3 /* Classes */ = {
			isa = PBXGroup;
			children = (
				9600A0951E7FEA1B0043A9F3 /* AppDelegate.swift */,
				9600A0C61E8038500043A9F3 /* AppConstants.swift */,
				9600A0B71E7FEAE30043A9F3 /* Presentation */,
				9600A0B91E7FEAF10043A9F3 /* Business logic */,
				9600A0B81E7FEAEC0043A9F3 /* Models */,
			);
			name = Classes;
			sourceTree = "<group>";
		};
		9600A0B61E7FEAD00043A9F3 /* Supporting files */ = {
			isa = PBXGroup;
			children = (
				9600A09C1E7FEA1B0043A9F3 /* Assets.xcassets */,
				9600A09E1E7FEA1B0043A9F3 /* LaunchScreen.storyboard */,
				9600A0A11E7FEA1B0043A9F3 /* Info.plist */,
			);
			name = "Supporting files";
			sourceTree = "<group>";
		};
		9600A0B71E7FEAE30043A9F3 /* Presentation */ = {
			isa = PBXGroup;
			children = (
				9600A0991E7FEA1B0043A9F3 /* Main.storyboard */,
				9600A0971E7FEA1B0043A9F3 /* ViewController.swift */,
			);
			name = Presentation;
			sourceTree = "<group>";
		};
		9600A0B81E7FEAEC0043A9F3 /* Models */ = {
			isa = PBXGroup;
			children = (
				9600A0D51E8065BF0043A9F3 /* Helper */,
				9600A0C11E7FF8DD0043A9F3 /* API communication */,
			);
			name = Models;
			sourceTree = "<group>";
		};
		9600A0B91E7FEAF10043A9F3 /* Business logic */ = {
			isa = PBXGroup;
			children = (
				9600A0C01E7FF1EF0043A9F3 /* Helper */,
				9600A0BA1E7FF1820043A9F3 /* News service */,
			);
			name = "Business logic";
			sourceTree = "<group>";
		};
		9600A0BA1E7FF1820043A9F3 /* News service */ = {
			isa = PBXGroup;
			children = (
				9600A0D21E803E6C0043A9F3 /* Responses */,
				9600A0BD1E7FF1A20043A9F3 /* Targets */,
				9600A0BB1E7FF1930043A9F3 /* NewsService.swift */,
			);
			name = "News service";
			sourceTree = "<group>";
		};
		9600A0BD1E7FF1A20043A9F3 /* Targets */ = {
			isa = PBXGroup;
			children = (
				9600A0BE1E7FF1AF0043A9F3 /* NewsTarget.swift */,
			);
			name = Targets;
			sourceTree = "<group>";
		};
		9600A0C01E7FF1EF0043A9F3 /* Helper */ = {
			isa = PBXGroup;
			children = (
				9600A0C41E7FF9B00043A9F3 /* BasicService.swift */,
				9600A0C81E8038E60043A9F3 /* MoyaResponseWrapper.swift */,
				9600A0D01E803D0D0043A9F3 /* ObservableType+Response mapping.swift */,
			);
			name = Helper;
			sourceTree = "<group>";
		};
		9600A0C11E7FF8DD0043A9F3 /* API communication */ = {
			isa = PBXGroup;
			children = (
				9600A0C21E7FF8F30043A9F3 /* NewsItem.swift */,
				9600A0CA1E803A350043A9F3 /* Error.swift */,
			);
			name = "API communication";
			sourceTree = "<group>";
		};
		9600A0D21E803E6C0043A9F3 /* Responses */ = {
			isa = PBXGroup;
			children = (
				9600A0D31E803EB80043A9F3 /* NewsResponse.swift */,
			);
			name = Responses;
			sourceTree = "<group>";
		};
		9600A0D51E8065BF0043A9F3 /* Helper */ = {
			isa = PBXGroup;
			children = (
				9600A0D61E8065CD0043A9F3 /* IntFromStringTransform.swift */,
				9600A0D81E8065E90043A9F3 /* DateFromIntTransform.swift */,
			);
			name = Helper;
			sourceTree = "<group>";
		};
		96B0B5DE1E81419700FAD2B9 /* Response mapping tests */ = {
			isa = PBXGroup;
			children = (
				9600A0DA1E8067010043A9F3 /* news.json */,
				96B0B5DF1E8141C600FAD2B9 /* error.json */,
				9600A0CE1E803AE60043A9F3 /* ResponseMappingTests.swift */,
			);
			name = "Response mapping tests";
			sourceTree = "<group>";
		};
		96B0B5E11E8147EF00FAD2B9 /* Service tests */ = {
			isa = PBXGroup;
			children = (
				96B0B5E21E81481C00FAD2B9 /* NewsServiceTests.swift */,
			);
			name = "Service tests";
			sourceTree = "<group>";
		};
		B07F1FD8D88CB697EF57C215 /* Frameworks */ = {
			isa = PBXGroup;
			children = (
				E873DA322CF2E63A9C09245C /* Pods_Tinkoff.framework */,
				FBBD12920C756A0BEBF644E5 /* Pods_TinkoffTests.framework */,
			);
			name = Frameworks;
			sourceTree = "<group>";
		};
/* End PBXGroup section */

/* Begin PBXNativeTarget section */
		9600A0911E7FEA1B0043A9F3 /* Tinkoff */ = {
			isa = PBXNativeTarget;
			buildConfigurationList = 9600A0AF1E7FEA1B0043A9F3 /* Build configuration list for PBXNativeTarget "Tinkoff" */;
			buildPhases = (
				BFBD334E231C7F12B42EFB8B /* [CP] Check Pods Manifest.lock */,
				9600A08E1E7FEA1B0043A9F3 /* Sources */,
				9600A08F1E7FEA1B0043A9F3 /* Frameworks */,
				9600A0901E7FEA1B0043A9F3 /* Resources */,
				446895C3720D24462EABEE39 /* [CP] Embed Pods Frameworks */,
				15E2C5CB472113199DABE6A3 /* [CP] Copy Pods Resources */,
			);
			buildRules = (
			);
			dependencies = (
			);
			name = Tinkoff;
			productName = Tinkoff;
			productReference = 9600A0921E7FEA1B0043A9F3 /* Tinkoff.app */;
			productType = "com.apple.product-type.application";
		};
		9600A0A51E7FEA1B0043A9F3 /* TinkoffTests */ = {
			isa = PBXNativeTarget;
			buildConfigurationList = 9600A0B21E7FEA1B0043A9F3 /* Build configuration list for PBXNativeTarget "TinkoffTests" */;
			buildPhases = (
				DC9AA322C11BAD0D98441816 /* [CP] Check Pods Manifest.lock */,
				9600A0A21E7FEA1B0043A9F3 /* Sources */,
				9600A0A31E7FEA1B0043A9F3 /* Frameworks */,
				9600A0A41E7FEA1B0043A9F3 /* Resources */,
				E70DB882118CAAC9B063B715 /* [CP] Embed Pods Frameworks */,
				DE41C14CAA870F56666E6DC7 /* [CP] Copy Pods Resources */,
			);
			buildRules = (
			);
			dependencies = (
				9600A0A81E7FEA1B0043A9F3 /* PBXTargetDependency */,
			);
			name = TinkoffTests;
			productName = TinkoffTests;
			productReference = 9600A0A61E7FEA1B0043A9F3 /* TinkoffTests.xctest */;
			productType = "com.apple.product-type.bundle.unit-test";
		};
/* End PBXNativeTarget section */

/* Begin PBXProject section */
		9600A08A1E7FEA1B0043A9F3 /* Project object */ = {
			isa = PBXProject;
			attributes = {
				LastSwiftUpdateCheck = 0820;
				LastUpgradeCheck = 0820;
				ORGANIZATIONNAME = Timofey;
				TargetAttributes = {
					9600A0911E7FEA1B0043A9F3 = {
						CreatedOnToolsVersion = 8.2.1;
						ProvisioningStyle = Automatic;
					};
					9600A0A51E7FEA1B0043A9F3 = {
						CreatedOnToolsVersion = 8.2.1;
						ProvisioningStyle = Automatic;
						TestTargetID = 9600A0911E7FEA1B0043A9F3;
					};
				};
			};
			buildConfigurationList = 9600A08D1E7FEA1B0043A9F3 /* Build configuration list for PBXProject "Tinkoff" */;
			compatibilityVersion = "Xcode 3.2";
			developmentRegion = English;
			hasScannedForEncodings = 0;
			knownRegions = (
				en,
				Base,
			);
			mainGroup = 9600A0891E7FEA1B0043A9F3;
			productRefGroup = 9600A0931E7FEA1B0043A9F3 /* Products */;
			projectDirPath = "";
			projectRoot = "";
			targets = (
				9600A0911E7FEA1B0043A9F3 /* Tinkoff */,
				9600A0A51E7FEA1B0043A9F3 /* TinkoffTests */,
			);
		};
/* End PBXProject section */

/* Begin PBXResourcesBuildPhase section */
		9600A0901E7FEA1B0043A9F3 /* Resources */ = {
			isa = PBXResourcesBuildPhase;
			buildActionMask = 2147483647;
			files = (
				9600A0A01E7FEA1B0043A9F3 /* LaunchScreen.storyboard in Resources */,
				9600A09D1E7FEA1B0043A9F3 /* Assets.xcassets in Resources */,
				9600A09B1E7FEA1B0043A9F3 /* Main.storyboard in Resources */,
			);
			runOnlyForDeploymentPostprocessing = 0;
		};
		9600A0A41E7FEA1B0043A9F3 /* Resources */ = {
			isa = PBXResourcesBuildPhase;
			buildActionMask = 2147483647;
			files = (
				96B0B5E01E8141C600FAD2B9 /* error.json in Resources */,
				9600A0DB1E8067010043A9F3 /* news.json in Resources */,
			);
			runOnlyForDeploymentPostprocessing = 0;
		};
/* End PBXResourcesBuildPhase section */

/* Begin PBXShellScriptBuildPhase section */
		15E2C5CB472113199DABE6A3 /* [CP] Copy Pods Resources */ = {
			isa = PBXShellScriptBuildPhase;
			buildActionMask = 2147483647;
			files = (
			);
			inputPaths = (
			);
			name = "[CP] Copy Pods Resources";
			outputPaths = (
			);
			runOnlyForDeploymentPostprocessing = 0;
			shellPath = /bin/sh;
			shellScript = "\"${SRCROOT}/Pods/Target Support Files/Pods-Tinkoff/Pods-Tinkoff-resources.sh\"\n";
			showEnvVarsInLog = 0;
		};
		446895C3720D24462EABEE39 /* [CP] Embed Pods Frameworks */ = {
			isa = PBXShellScriptBuildPhase;
			buildActionMask = 2147483647;
			files = (
			);
			inputPaths = (
			);
			name = "[CP] Embed Pods Frameworks";
			outputPaths = (
			);
			runOnlyForDeploymentPostprocessing = 0;
			shellPath = /bin/sh;
			shellScript = "\"${SRCROOT}/Pods/Target Support Files/Pods-Tinkoff/Pods-Tinkoff-frameworks.sh\"\n";
			showEnvVarsInLog = 0;
		};
		BFBD334E231C7F12B42EFB8B /* [CP] Check Pods Manifest.lock */ = {
			isa = PBXShellScriptBuildPhase;
			buildActionMask = 2147483647;
			files = (
			);
			inputPaths = (
			);
			name = "[CP] Check Pods Manifest.lock";
			outputPaths = (
			);
			runOnlyForDeploymentPostprocessing = 0;
			shellPath = /bin/sh;
			shellScript = "diff \"${PODS_ROOT}/../Podfile.lock\" \"${PODS_ROOT}/Manifest.lock\" > /dev/null\nif [ $? != 0 ] ; then\n    # print error to STDERR\n    echo \"error: The sandbox is not in sync with the Podfile.lock. Run 'pod install' or update your CocoaPods installation.\" >&2\n    exit 1\nfi\n";
			showEnvVarsInLog = 0;
		};
		DC9AA322C11BAD0D98441816 /* [CP] Check Pods Manifest.lock */ = {
			isa = PBXShellScriptBuildPhase;
			buildActionMask = 2147483647;
			files = (
			);
			inputPaths = (
			);
			name = "[CP] Check Pods Manifest.lock";
			outputPaths = (
			);
			runOnlyForDeploymentPostprocessing = 0;
			shellPath = /bin/sh;
			shellScript = "diff \"${PODS_ROOT}/../Podfile.lock\" \"${PODS_ROOT}/Manifest.lock\" > /dev/null\nif [ $? != 0 ] ; then\n    # print error to STDERR\n    echo \"error: The sandbox is not in sync with the Podfile.lock. Run 'pod install' or update your CocoaPods installation.\" >&2\n    exit 1\nfi\n";
			showEnvVarsInLog = 0;
		};
		DE41C14CAA870F56666E6DC7 /* [CP] Copy Pods Resources */ = {
			isa = PBXShellScriptBuildPhase;
			buildActionMask = 2147483647;
			files = (
			);
			inputPaths = (
			);
			name = "[CP] Copy Pods Resources";
			outputPaths = (
			);
			runOnlyForDeploymentPostprocessing = 0;
			shellPath = /bin/sh;
			shellScript = "\"${SRCROOT}/Pods/Target Support Files/Pods-TinkoffTests/Pods-TinkoffTests-resources.sh\"\n";
			showEnvVarsInLog = 0;
		};
		E70DB882118CAAC9B063B715 /* [CP] Embed Pods Frameworks */ = {
			isa = PBXShellScriptBuildPhase;
			buildActionMask = 2147483647;
			files = (
			);
			inputPaths = (
			);
			name = "[CP] Embed Pods Frameworks";
			outputPaths = (
			);
			runOnlyForDeploymentPostprocessing = 0;
			shellPath = /bin/sh;
			shellScript = "\"${SRCROOT}/Pods/Target Support Files/Pods-TinkoffTests/Pods-TinkoffTests-frameworks.sh\"\n";
			showEnvVarsInLog = 0;
		};
/* End PBXShellScriptBuildPhase section */

/* Begin PBXSourcesBuildPhase section */
		9600A08E1E7FEA1B0043A9F3 /* Sources */ = {
			isa = PBXSourcesBuildPhase;
			buildActionMask = 2147483647;
			files = (
				9600A0BC1E7FF1930043A9F3 /* NewsService.swift in Sources */,
				9600A0D11E803D0D0043A9F3 /* ObservableType+Response mapping.swift in Sources */,
				9600A0C31E7FF8F30043A9F3 /* NewsItem.swift in Sources */,
				9600A0C91E8038E60043A9F3 /* MoyaResponseWrapper.swift in Sources */,
				9600A0981E7FEA1B0043A9F3 /* ViewController.swift in Sources */,
				9600A0D71E8065CD0043A9F3 /* IntFromStringTransform.swift in Sources */,
				9600A0961E7FEA1B0043A9F3 /* AppDelegate.swift in Sources */,
				9600A0C71E8038500043A9F3 /* AppConstants.swift in Sources */,
				9600A0C51E7FF9B00043A9F3 /* BasicService.swift in Sources */,
				9600A0D41E803EB80043A9F3 /* NewsResponse.swift in Sources */,
				9600A0CB1E803A350043A9F3 /* Error.swift in Sources */,
				9600A0BF1E7FF1AF0043A9F3 /* NewsTarget.swift in Sources */,
				9600A0D91E8065E90043A9F3 /* DateFromIntTransform.swift in Sources */,
			);
			runOnlyForDeploymentPostprocessing = 0;
		};
		9600A0A21E7FEA1B0043A9F3 /* Sources */ = {
			isa = PBXSourcesBuildPhase;
			buildActionMask = 2147483647;
			files = (
				96B0B5E31E81481C00FAD2B9 /* NewsServiceTests.swift in Sources */,
				9600A0CF1E803AE60043A9F3 /* ResponseMappingTests.swift in Sources */,
			);
			runOnlyForDeploymentPostprocessing = 0;
		};
/* End PBXSourcesBuildPhase section */

/* Begin PBXTargetDependency section */
		9600A0A81E7FEA1B0043A9F3 /* PBXTargetDependency */ = {
			isa = PBXTargetDependency;
			target = 9600A0911E7FEA1B0043A9F3 /* Tinkoff */;
			targetProxy = 9600A0A71E7FEA1B0043A9F3 /* PBXContainerItemProxy */;
		};
/* End PBXTargetDependency section */

/* Begin PBXVariantGroup section */
		9600A0991E7FEA1B0043A9F3 /* Main.storyboard */ = {
			isa = PBXVariantGroup;
			children = (
				9600A09A1E7FEA1B0043A9F3 /* Base */,
			);
			name = Main.storyboard;
			sourceTree = "<group>";
		};
		9600A09E1E7FEA1B0043A9F3 /* LaunchScreen.storyboard */ = {
			isa = PBXVariantGroup;
			children = (
				9600A09F1E7FEA1B0043A9F3 /* Base */,
			);
			name = LaunchScreen.storyboard;
			sourceTree = "<group>";
		};
/* End PBXVariantGroup section */

/* Begin XCBuildConfiguration section */
		9600A0AD1E7FEA1B0043A9F3 /* Debug */ = {
			isa = XCBuildConfiguration;
			buildSettings = {
				ALWAYS_EMBED_SWIFT_STANDARD_LIBRARIES = "$(inherited)";
				ALWAYS_SEARCH_USER_PATHS = NO;
				CLANG_ANALYZER_NONNULL = YES;
				CLANG_CXX_LANGUAGE_STANDARD = "gnu++0x";
				CLANG_CXX_LIBRARY = "libc++";
				CLANG_ENABLE_MODULES = YES;
				CLANG_ENABLE_OBJC_ARC = YES;
				CLANG_WARN_BOOL_CONVERSION = YES;
				CLANG_WARN_CONSTANT_CONVERSION = YES;
				CLANG_WARN_DIRECT_OBJC_ISA_USAGE = YES_ERROR;
				CLANG_WARN_DOCUMENTATION_COMMENTS = YES;
				CLANG_WARN_EMPTY_BODY = YES;
				CLANG_WARN_ENUM_CONVERSION = YES;
				CLANG_WARN_INFINITE_RECURSION = YES;
				CLANG_WARN_INT_CONVERSION = YES;
				CLANG_WARN_OBJC_ROOT_CLASS = YES_ERROR;
				CLANG_WARN_SUSPICIOUS_MOVE = YES;
				CLANG_WARN_UNREACHABLE_CODE = YES;
				CLANG_WARN__DUPLICATE_METHOD_MATCH = YES;
				"CODE_SIGN_IDENTITY[sdk=iphoneos*]" = "iPhone Developer";
				COPY_PHASE_STRIP = NO;
				DEBUG_INFORMATION_FORMAT = dwarf;
				ENABLE_STRICT_OBJC_MSGSEND = YES;
				ENABLE_TESTABILITY = YES;
				GCC_C_LANGUAGE_STANDARD = gnu99;
				GCC_DYNAMIC_NO_PIC = NO;
				GCC_NO_COMMON_BLOCKS = YES;
				GCC_OPTIMIZATION_LEVEL = 0;
				GCC_PREPROCESSOR_DEFINITIONS = (
					"DEBUG=1",
					"$(inherited)",
				);
				GCC_WARN_64_TO_32_BIT_CONVERSION = YES;
				GCC_WARN_ABOUT_RETURN_TYPE = YES_ERROR;
				GCC_WARN_UNDECLARED_SELECTOR = YES;
				GCC_WARN_UNINITIALIZED_AUTOS = YES_AGGRESSIVE;
				GCC_WARN_UNUSED_FUNCTION = YES;
				GCC_WARN_UNUSED_VARIABLE = YES;
				IPHONEOS_DEPLOYMENT_TARGET = 10.2;
				MTL_ENABLE_DEBUG_INFO = YES;
				ONLY_ACTIVE_ARCH = YES;
				SDKROOT = iphoneos;
				SWIFT_ACTIVE_COMPILATION_CONDITIONS = DEBUG;
				SWIFT_OPTIMIZATION_LEVEL = "-Onone";
				TARGETED_DEVICE_FAMILY = "1,2";
			};
			name = Debug;
		};
		9600A0AE1E7FEA1B0043A9F3 /* Release */ = {
			isa = XCBuildConfiguration;
			buildSettings = {
				ALWAYS_EMBED_SWIFT_STANDARD_LIBRARIES = "$(inherited)";
				ALWAYS_SEARCH_USER_PATHS = NO;
				CLANG_ANALYZER_NONNULL = YES;
				CLANG_CXX_LANGUAGE_STANDARD = "gnu++0x";
				CLANG_CXX_LIBRARY = "libc++";
				CLANG_ENABLE_MODULES = YES;
				CLANG_ENABLE_OBJC_ARC = YES;
				CLANG_WARN_BOOL_CONVERSION = YES;
				CLANG_WARN_CONSTANT_CONVERSION = YES;
				CLANG_WARN_DIRECT_OBJC_ISA_USAGE = YES_ERROR;
				CLANG_WARN_DOCUMENTATION_COMMENTS = YES;
				CLANG_WARN_EMPTY_BODY = YES;
				CLANG_WARN_ENUM_CONVERSION = YES;
				CLANG_WARN_INFINITE_RECURSION = YES;
				CLANG_WARN_INT_CONVERSION = YES;
				CLANG_WARN_OBJC_ROOT_CLASS = YES_ERROR;
				CLANG_WARN_SUSPICIOUS_MOVE = YES;
				CLANG_WARN_UNREACHABLE_CODE = YES;
				CLANG_WARN__DUPLICATE_METHOD_MATCH = YES;
				"CODE_SIGN_IDENTITY[sdk=iphoneos*]" = "iPhone Developer";
				COPY_PHASE_STRIP = NO;
				DEBUG_INFORMATION_FORMAT = "dwarf-with-dsym";
				ENABLE_NS_ASSERTIONS = NO;
				ENABLE_STRICT_OBJC_MSGSEND = YES;
				GCC_C_LANGUAGE_STANDARD = gnu99;
				GCC_NO_COMMON_BLOCKS = YES;
				GCC_WARN_64_TO_32_BIT_CONVERSION = YES;
				GCC_WARN_ABOUT_RETURN_TYPE = YES_ERROR;
				GCC_WARN_UNDECLARED_SELECTOR = YES;
				GCC_WARN_UNINITIALIZED_AUTOS = YES_AGGRESSIVE;
				GCC_WARN_UNUSED_FUNCTION = YES;
				GCC_WARN_UNUSED_VARIABLE = YES;
				IPHONEOS_DEPLOYMENT_TARGET = 10.2;
				MTL_ENABLE_DEBUG_INFO = NO;
				SDKROOT = iphoneos;
				SWIFT_OPTIMIZATION_LEVEL = "-Owholemodule";
				TARGETED_DEVICE_FAMILY = "1,2";
				VALIDATE_PRODUCT = YES;
			};
			name = Release;
		};
		9600A0B01E7FEA1B0043A9F3 /* Debug */ = {
			isa = XCBuildConfiguration;
			baseConfigurationReference = 705E705F12E570A036592209 /* Pods-Tinkoff.debug.xcconfig */;
			buildSettings = {
				ALWAYS_EMBED_SWIFT_STANDARD_LIBRARIES = "$(inherited)";
				ASSETCATALOG_COMPILER_APPICON_NAME = AppIcon;
				INFOPLIST_FILE = Tinkoff/Info.plist;
				LD_RUNPATH_SEARCH_PATHS = "$(inherited) @executable_path/Frameworks";
				PRODUCT_BUNDLE_IDENTIFIER = "BIBO-RAM.Tinkoff";
				PRODUCT_NAME = "$(TARGET_NAME)";
				SWIFT_VERSION = 3.0;
			};
			name = Debug;
		};
		9600A0B11E7FEA1B0043A9F3 /* Release */ = {
			isa = XCBuildConfiguration;
			baseConfigurationReference = CF942AC45EBACA04EE71B044 /* Pods-Tinkoff.release.xcconfig */;
			buildSettings = {
				ALWAYS_EMBED_SWIFT_STANDARD_LIBRARIES = "$(inherited)";
				ASSETCATALOG_COMPILER_APPICON_NAME = AppIcon;
				INFOPLIST_FILE = Tinkoff/Info.plist;
				LD_RUNPATH_SEARCH_PATHS = "$(inherited) @executable_path/Frameworks";
				PRODUCT_BUNDLE_IDENTIFIER = "BIBO-RAM.Tinkoff";
				PRODUCT_NAME = "$(TARGET_NAME)";
				SWIFT_VERSION = 3.0;
			};
			name = Release;
		};
		9600A0B31E7FEA1B0043A9F3 /* Debug */ = {
			isa = XCBuildConfiguration;
			baseConfigurationReference = 823005265D19B4570D1D1CA6 /* Pods-TinkoffTests.debug.xcconfig */;
			buildSettings = {
				ALWAYS_EMBED_SWIFT_STANDARD_LIBRARIES = "$(inherited)";
				BUNDLE_LOADER = "$(TEST_HOST)";
				INFOPLIST_FILE = TinkoffTests/Info.plist;
				LD_RUNPATH_SEARCH_PATHS = "$(inherited) @executable_path/Frameworks @loader_path/Frameworks";
				PRODUCT_BUNDLE_IDENTIFIER = "BIBO-RAM.TinkoffTests";
				PRODUCT_NAME = "$(TARGET_NAME)";
				SWIFT_VERSION = 3.0;
				TEST_HOST = "$(BUILT_PRODUCTS_DIR)/Tinkoff.app/Tinkoff";
			};
			name = Debug;
		};
		9600A0B41E7FEA1B0043A9F3 /* Release */ = {
			isa = XCBuildConfiguration;
			baseConfigurationReference = 9C8F16938A1F2787284CE3C2 /* Pods-TinkoffTests.release.xcconfig */;
			buildSettings = {
				ALWAYS_EMBED_SWIFT_STANDARD_LIBRARIES = "$(inherited)";
				BUNDLE_LOADER = "$(TEST_HOST)";
				INFOPLIST_FILE = TinkoffTests/Info.plist;
				LD_RUNPATH_SEARCH_PATHS = "$(inherited) @executable_path/Frameworks @loader_path/Frameworks";
				PRODUCT_BUNDLE_IDENTIFIER = "BIBO-RAM.TinkoffTests";
				PRODUCT_NAME = "$(TARGET_NAME)";
				SWIFT_VERSION = 3.0;
				TEST_HOST = "$(BUILT_PRODUCTS_DIR)/Tinkoff.app/Tinkoff";
			};
			name = Release;
		};
/* End XCBuildConfiguration section */

/* Begin XCConfigurationList section */
		9600A08D1E7FEA1B0043A9F3 /* Build configuration list for PBXProject "Tinkoff" */ = {
			isa = XCConfigurationList;
			buildConfigurations = (
				9600A0AD1E7FEA1B0043A9F3 /* Debug */,
				9600A0AE1E7FEA1B0043A9F3 /* Release */,
			);
			defaultConfigurationIsVisible = 0;
			defaultConfigurationName = Release;
		};
		9600A0AF1E7FEA1B0043A9F3 /* Build configuration list for PBXNativeTarget "Tinkoff" */ = {
			isa = XCConfigurationList;
			buildConfigurations = (
				9600A0B01E7FEA1B0043A9F3 /* Debug */,
				9600A0B11E7FEA1B0043A9F3 /* Release */,
			);
			defaultConfigurationIsVisible = 0;
			defaultConfigurationName = Release;
		};
		9600A0B21E7FEA1B0043A9F3 /* Build configuration list for PBXNativeTarget "TinkoffTests" */ = {
			isa = XCConfigurationList;
			buildConfigurations = (
				9600A0B31E7FEA1B0043A9F3 /* Debug */,
				9600A0B41E7FEA1B0043A9F3 /* Release */,
			);
			defaultConfigurationIsVisible = 0;
			defaultConfigurationName = Release;
		};
/* End XCConfigurationList section */
	};
	rootObject = 9600A08A1E7FEA1B0043A9F3 /* Project object */;
}
